// !$*UTF8*$!
{
	archiveVersion = 1;
	classes = {
	};
	objectVersion = 46;
	objects = {

/* Begin PBXBuildFile section */
		D2068CFD1CD8019F001B51AE /* AppDelegate.swift in Sources */ = {isa = PBXBuildFile; fileRef = D2068CFC1CD8019F001B51AE /* AppDelegate.swift */; };
		D2068CFF1CD8019F001B51AE /* ViewController.swift in Sources */ = {isa = PBXBuildFile; fileRef = D2068CFE1CD8019F001B51AE /* ViewController.swift */; };
		D2068D021CD8019F001B51AE /* Main.storyboard in Resources */ = {isa = PBXBuildFile; fileRef = D2068D001CD8019F001B51AE /* Main.storyboard */; };
		D2068D041CD8019F001B51AE /* Assets.xcassets in Resources */ = {isa = PBXBuildFile; fileRef = D2068D031CD8019F001B51AE /* Assets.xcassets */; };
		D2068D071CD8019F001B51AE /* LaunchScreen.storyboard in Resources */ = {isa = PBXBuildFile; fileRef = D2068D051CD8019F001B51AE /* LaunchScreen.storyboard */; };
/* End PBXBuildFile section */

/* Begin PBXFileReference section */
		D2068CF91CD8019F001B51AE /* first app.app */ = {isa = PBXFileReference; explicitFileType = wrapper.application; includeInIndex = 0; path = "first app.app"; sourceTree = BUILT_PRODUCTS_DIR; };
		D2068CFC1CD8019F001B51AE /* AppDelegate.swift */ = {isa = PBXFileReference; lastKnownFileType = sourcecode.swift; path = AppDelegate.swift; sourceTree = "<group>"; };
		D2068CFE1CD8019F001B51AE /* ViewController.swift */ = {isa = PBXFileReference; lastKnownFileType = sourcecode.swift; path = ViewController.swift; sourceTree = "<group>"; };
		D2068D011CD8019F001B51AE /* Base */ = {isa = PBXFileReference; lastKnownFileType = file.storyboard; name = Base; path = Base.lproj/Main.storyboard; sourceTree = "<group>"; };
		D2068D031CD8019F001B51AE /* Assets.xcassets */ = {isa = PBXFileReference; lastKnownFileType = folder.assetcatalog; path = Assets.xcassets; sourceTree = "<group>"; };
		D2068D061CD8019F001B51AE /* Base */ = {isa = PBXFileReference; lastKnownFileType = file.storyboard; name = Base; path = Base.lproj/LaunchScreen.storyboard; sourceTree = "<group>"; };
		D2068D081CD8019F001B51AE /* Info.plist */ = {isa = PBXFileReference; lastKnownFileType = text.plist.xml; path = Info.plist; sourceTree = "<group>"; };
/* End PBXFileReference section */

/* Begin PBXFrameworksBuildPhase section */
		D2068CF61CD8019F001B51AE /* Frameworks */ = {
			isa = PBXFrameworksBuildPhase;
			buildActionMask = 2147483647;
			files = (
			);
			runOnlyForDeploymentPostprocessing = 0;
		};
/* End PBXFrameworksBuildPhase section */

/* Begin PBXGroup section */
		D2068CF01CD8019F001B51AE = {
			isa = PBXGroup;
			children = (
				D2068CFB1CD8019F001B51AE /* first app */,
				D2068CFA1CD8019F001B51AE /* Products */,
			);
			sourceTree = "<group>";
		};
		D2068CFA1CD8019F001B51AE /* Products */ = {
			isa = PBXGroup;
			children = (
				D2068CF91CD8019F001B51AE /* first app.app */,
			);
			name = Products;
			sourceTree = "<group>";
		};
		D2068CFB1CD8019F001B51AE /* first app */ = {
			isa = PBXGroup;
			children = (
				D2068CFC1CD8019F001B51AE /* AppDelegate.swift */,
				D2068CFE1CD8019F001B51AE /* ViewController.swift */,
				D2068D001CD8019F001B51AE /* Main.storyboard */,
				D2068D031CD8019F001B51AE /* Assets.xcassets */,
				D2068D051CD8019F001B51AE /* LaunchScreen.storyboard */,
				D2068D081CD8019F001B51AE /* Info.plist */,
			);
			path = "first app";
			sourceTree = "<group>";
		};
/* End PBXGroup section */

/* Begin PBXNativeTarget section */
		D2068CF81CD8019F001B51AE /* first app */ = {
			isa = PBXNativeTarget;
			buildConfigurationList = D2068D0B1CD8019F001B51AE /* Build configuration list for PBXNativeTarget "first app" */;
			buildPhases = (
				D2068CF51CD8019F001B51AE /* Sources */,
				D2068CF61CD8019F001B51AE /* Frameworks */,
				D2068CF71CD8019F001B51AE /* Resources */,
			);
			buildRules = (
			);
			dependencies = (
			);
			name = "first app";
			productName = "first app";
			productReference = D2068CF91CD8019F001B51AE /* first app.app */;
			productType = "com.apple.product-type.application";
		};
/* End PBXNativeTarget section */

/* Begin PBXProject section */
		D2068CF11CD8019F001B51AE /* Project object */ = {
			isa = PBXProject;
			attributes = {
				LastSwiftUpdateCheck = 0730;
				LastUpgradeCheck = 0730;
				ORGANIZATIONNAME = Leef;
				TargetAttributes = {
					D2068CF81CD8019F001B51AE = {
						CreatedOnToolsVersion = 7.3.1;
					};
				};
			};
			buildConfigurationList = D2068CF41CD8019F001B51AE /* Build configuration list for PBXProject "first app" */;
			compatibilityVersion = "Xcode 3.2";
			developmentRegion = English;
			hasScannedForEncodings = 0;
			knownRegions = (
				en,
				Base,
			);
			mainGroup = D2068CF01CD8019F001B51AE;
			productRefGroup = D2068CFA1CD8019F001B51AE /* Products */;
			projectDirPath = "";
			projectRoot = "";
			targets = (
				D2068CF81CD8019F001B51AE /* first app */,
			);
		};
/* End PBXProject section */

/* Begin PBXResourcesBuildPhase section */
		D2068CF71CD8019F001B51AE /* Resources */ = {
			isa = PBXResourcesBuildPhase;
			buildActionMask = 2147483647;
			files = (
				D2068D071CD8019F001B51AE /* LaunchScreen.storyboard in Resources */,
				D2068D041CD8019F001B51AE /* Assets.xcassets in Resources */,
				D2068D021CD8019F001B51AE /* Main.storyboard in Resources */,
			);
			runOnlyForDeploymentPostprocessing = 0;
		};
/* End PBXResourcesBuildPhase section */

/* Begin PBXSourcesBuildPhase section */
		D2068CF51CD8019F001B51AE /* Sources */ = {
			isa = PBXSourcesBuildPhase;
			buildActionMask = 2147483647;
			files = (
				D2068CFF1CD8019F001B51AE /* ViewController.swift in Sources */,
				D2068CFD1CD8019F001B51AE /* AppDelegate.swift in Sources */,
			);
			runOnlyForDeploymentPostprocessing = 0;
		};
/* End PBXSourcesBuildPhase section */

/* Begin PBXVariantGroup section */
		D2068D001CD8019F001B51AE /* Main.storyboard */ = {
			isa = PBXVariantGroup;
			children = (
				D2068D011CD8019F001B51AE /* Base */,
			);
			name = Main.storyboard;
			sourceTree = "<group>";
		};
		D2068D051CD8019F001B51AE /* LaunchScreen.storyboard */ = {
			isa = PBXVariantGroup;
			children = (
				D2068D061CD8019F001B51AE /* Base */,
			);
			name = LaunchScreen.storyboard;
			sourceTree = "<group>";
		};
/* End PBXVariantGroup section */

/* Begin XCBuildConfiguration section */
		D2068D091CD8019F001B51AE /* Debug */ = {
			isa = XCBuildConfiguration;
			buildSettings = {
				ALWAYS_SEARCH_USER_PATHS = NO;
				CLANG_ANALYZER_NONNULL = YES;
				CLANG_CXX_LANGUAGE_STANDARD = "gnu++0x";
				CLANG_CXX_LIBRARY = "libc++";
				CLANG_ENABLE_MODULES = YES;
				CLANG_ENABLE_OBJC_ARC = YES;
				CLANG_WARN_BOOL_CONVERSION = YES;
				CLANG_WARN_CONSTANT_CONVERSION = YES;
				CLANG_WARN_DIRECT_OBJC_ISA_USAGE = YES_ERROR;
				CLANG_WARN_EMPTY_BODY = YES;
				CLANG_WARN_ENUM_CONVERSION = YES;
				CLANG_WARN_INT_CONVERSION = YES;
				CLANG_WARN_OBJC_ROOT_CLASS = YES_ERROR;
				CLANG_WARN_UNREACHABLE_CODE = YES;
				CLANG_WARN__DUPLICATE_METHOD_MATCH = YES;
				"CODE_SIGN_IDENTITY[sdk=iphoneos*]" = "iPhone Developer";
				COPY_PHASE_STRIP = NO;
				DEBUG_INFORMATION_FORMAT = dwarf;
				ENABLE_STRICT_OBJC_MSGSEND = YES;
				ENABLE_TESTABILITY = YES;
				GCC_C_LANGUAGE_STANDARD = gnu99;
				GCC_DYNAMIC_NO_PIC = NO;
				GCC_NO_COMMON_BLOCKS = YES;
				GCC_OPTIMIZATION_LEVEL = 0;
				GCC_PREPROCESSOR_DEFINITIONS = (
					"DEBUG=1",
					"$(inherited)",
				);
				GCC_WARN_64_TO_32_BIT_CONVERSION = YES;
				GCC_WARN_ABOUT_RETURN_TYPE = YES_ERROR;
				GCC_WARN_UNDECLARED_SELECTOR = YES;
				GCC_WARN_UNINITIALIZED_AUTOS = YES_AGGRESSIVE;
				GCC_WARN_UNUSED_FUNCTION = YES;
				GCC_WARN_UNUSED_VARIABLE = YES;
				IPHONEOS_DEPLOYMENT_TARGET = 9.3;
				MTL_ENABLE_DEBUG_INFO = YES;
				ONLY_ACTIVE_ARCH = YES;
				SDKROOT = iphoneos;
				SWIFT_OPTIMIZATION_LEVEL = "-Onone";
			};
			name = Debug;
		};
		D2068D0A1CD8019F001B51AE /* Release */ = {
			isa = XCBuildConfiguration;
			buildSettings = {
				ALWAYS_SEARCH_USER_PATHS = NO;
				CLANG_ANALYZER_NONNULL = YES;
				CLANG_CXX_LANGUAGE_STANDARD = "gnu++0x";
				CLANG_CXX_LIBRARY = "libc++";
				CLANG_ENABLE_MODULES = YES;
				CLANG_ENABLE_OBJC_ARC = YES;
				CLANG_WARN_BOOL_CONVERSION = YES;
				CLANG_WARN_CONSTANT_CONVERSION = YES;
				CLANG_WARN_DIRECT_OBJC_ISA_USAGE = YES_ERROR;
				CLANG_WARN_EMPTY_BODY = YES;
				CLANG_WARN_ENUM_CONVERSION = YES;
				CLANG_WARN_INT_CONVERSION = YES;
				CLANG_WARN_OBJC_ROOT_CLASS = YES_ERROR;
				CLANG_WARN_UNREACHABLE_CODE = YES;
				CLANG_WARN__DUPLICATE_METHOD_MATCH = YES;
				"CODE_SIGN_IDENTITY[sdk=iphoneos*]" = "iPhone Developer";
				COPY_PHASE_STRIP = NO;
				DEBUG_INFORMATION_FORMAT = "dwarf-with-dsym";
				ENABLE_NS_ASSERTIONS = NO;
				ENABLE_STRICT_OBJC_MSGSEND = YES;
				GCC_C_LANGUAGE_STANDARD = gnu99;
				GCC_NO_COMMON_BLOCKS = YES;
				GCC_WARN_64_TO_32_BIT_CONVERSION = YES;
				GCC_WARN_ABOUT_RETURN_TYPE = YES_ERROR;
				GCC_WARN_UNDECLARED_SELECTOR = YES;
				GCC_WARN_UNINITIALIZED_AUTOS = YES_AGGRESSIVE;
				GCC_WARN_UNUSED_FUNCTION = YES;
				GCC_WARN_UNUSED_VARIABLE = YES;
				IPHONEOS_DEPLOYMENT_TARGET = 9.3;
				MTL_ENABLE_DEBUG_INFO = NO;
				SDKROOT = iphoneos;
				VALIDATE_PRODUCT = YES;
			};
			name = Release;
		};
		D2068D0C1CD8019F001B51AE /* Debug */ = {
			isa = XCBuildConfiguration;
			buildSettings = {
				ASSETCATALOG_COMPILER_APPICON_NAME = AppIcon;
				INFOPLIST_FILE = "first app/Info.plist";
				LD_RUNPATH_SEARCH_PATHS = "$(inherited) @executable_path/Frameworks";
				PRODUCT_BUNDLE_IDENTIFIER = "com.leef.first-app";
				PRODUCT_NAME = "$(TARGET_NAME)";
			};
			name = Debug;
		};
		D2068D0D1CD8019F001B51AE /* Release */ = {
			isa = XCBuildConfiguration;
			buildSettings = {
				ASSETCATALOG_COMPILER_APPICON_NAME = AppIcon;
				INFOPLIST_FILE = "first app/Info.plist";
				LD_RUNPATH_SEARCH_PATHS = "$(inherited) @executable_path/Frameworks";
				PRODUCT_BUNDLE_IDENTIFIER = "com.leef.first-app";
				PRODUCT_NAME = "$(TARGET_NAME)";
			};
			name = Release;
		};
/* End XCBuildConfiguration section */

/* Begin XCConfigurationList section */
		D2068CF41CD8019F001B51AE /* Build configuration list for PBXProject "first app" */ = {
			isa = XCConfigurationList;
			buildConfigurations = (
				D2068D091CD8019F001B51AE /* Debug */,
				D2068D0A1CD8019F001B51AE /* Release */,
			);
			defaultConfigurationIsVisible = 0;
			defaultConfigurationName = Release;
		};
		D2068D0B1CD8019F001B51AE /* Build configuration list for PBXNativeTarget "first app" */ = {
			isa = XCConfigurationList;
			buildConfigurations = (
				D2068D0C1CD8019F001B51AE /* Debug */,
				D2068D0D1CD8019F001B51AE /* Release */,
			);
			defaultConfigurationIsVisible = 0;
		};
/* End XCConfigurationList section */
	};
	rootObject = D2068CF11CD8019F001B51AE /* Project object */;
}
